
Microsoft Visual Studio Solution File, Format Version 12.00
# Visual Studio Version 16
VisualStudioVersion = 16.0.31515.178
MinimumVisualStudioVersion = 10.0.40219.1
Project("{8BC9CEB8-8B4A-11D0-8D11-00A0C91BC942}") = "8_2指针_结构体", "8_2指针_结构体\8_2指针_结构体.vcxproj", "{4EAF3B33-7261-4F82-A416-7E3CE7ACB759}"
EndProject
Global
	GlobalSection(SolutionConfigurationPlatforms) = preSolution
		Debug|x64 = Debug|x64
		Debug|x86 = Debug|x86
		Release|x64 = Release|x64
		Release|x86 = Release|x86
	EndGlobalSection
	GlobalSection(ProjectConfigurationPlatforms) = postSolution
		{4EAF3B33-7261-4F82-A416-7E3CE7ACB759}.Debug|x64.ActiveCfg = Debug|x64
		{4EAF3B33-7261-4F82-A416-7E3CE7ACB759}.Debug|x64.Build.0 = Debug|x64
		{4EAF3B33-7261-4F82-A416-7E3CE7ACB759}.Debug|x86.ActiveCfg = Debug|Win32
		{4EAF3B33-7261-4F82-A416-7E3CE7ACB759}.Debug|x86.Build.0 = Debug|Win32
		{4EAF3B33-7261-4F82-A416-7E3CE7ACB759}.Release|x64.ActiveCfg = Release|x64
		{4EAF3B33-7261-4F82-A416-7E3CE7ACB759}.Release|x64.Build.0 = Release|x64
		{4EAF3B33-7261-4F82-A416-7E3CE7ACB759}.Release|x86.ActiveCfg = Release|Win32
		{4EAF3B33-7261-4F82-A416-7E3CE7ACB759}.Release|x86.Build.0 = Release|Win32
	EndGlobalSection
	GlobalSection(SolutionProperties) = preSolution
		HideSolutionNode = FALSE
	EndGlobalSection
	GlobalSection(ExtensibilityGlobals) = postSolution
		SolutionGuid = {24511831-8D1F-4C03-8893-EBAAC49C7957}
	EndGlobalSection
EndGlobal
